
Microsoft Visual Studio Solution File, Format Version 12.00
# Visual Studio Version 17
VisualStudioVersion = 17.2.32505.173
MinimumVisualStudioVersion = 10.0.40219.1
Project("{FAE04EC0-301F-11D3-BF4B-00C04F79EFBC}") = "The_Laws_of_Freach", "The_Laws_of_Freach\The_Laws_of_Freach.csproj", "{DA808F0D-5225-4F66-855C-650417F2BB67}"
EndProject
Global
	GlobalSection(SolutionConfigurationPlatforms) = preSolution
		Debug|Any CPU = Debug|Any CPU
		Release|Any CPU = Release|Any CPU
	EndGlobalSection
	GlobalSection(ProjectConfigurationPlatforms) = postSolution
		{DA808F0D-5225-4F66-855C-650417F2BB67}.Debug|Any CPU.ActiveCfg = Debug|Any CPU
		{DA808F0D-5225-4F66-855C-650417F2BB67}.Debug|Any CPU.Build.0 = Debug|Any CPU
		{DA808F0D-5225-4F66-855C-650417F2BB67}.Release|Any CPU.ActiveCfg = Release|Any CPU
		{DA808F0D-5225-4F66-855C-650417F2BB67}.Release|Any CPU.Build.0 = Release|Any CPU
	EndGlobalSection
	GlobalSection(SolutionProperties) = preSolution
		HideSolutionNode = FALSE
	EndGlobalSection
	GlobalSection(ExtensibilityGlobals) = postSolution
		SolutionGuid = {B6806192-4CB8-42CC-8253-0DFC46B04EEA}
	EndGlobalSection
EndGlobal
